{
  "object": {
    "pins": [
      {
        "package": "combine-schedulers",
        "repositoryURL": "https://github.com/pointfreeco/combine-schedulers",
        "state": {
          "branch": null,
          "revision": "0625932976b3ae23949f6b816d13bd97f3b40b7c",
          "version": "0.10.0"
        }
      },
      {
        "package": "CoreStore",
        "repositoryURL": "https://github.com/JohnEstropia/CoreStore",
        "state": {
          "branch": null,
          "revision": "25593754913d228777f14634bc6f493dbeb4e9fb",
          "version": "9.0.0"
        }
      },
      {
        "package": "Files",
        "repositoryURL": "https://github.com/JohnSundell/Files",
        "state": {
          "branch": null,
          "revision": "d273b5b7025d386feef79ef6bad7de762e106eaf",
          "version": "4.2.0"
        }
      },
      {
        "package": "KeychainAccess",
        "repositoryURL": "https://github.com/kishikawakatsumi/KeychainAccess",
        "state": {
          "branch": null,
          "revision": "84e546727d66f1adc5439debad16270d0fdd04e7",
          "version": "4.2.2"
        }
      },
      {
        "package": "RevenueCat",
        "repositoryURL": "https://github.com/RevenueCat/purchases-ios",
        "state": {
          "branch": null,
          "revision": "3250a63db9961823eeaca8462e6fae8f01a52b22",
          "version": "4.13.0"
        }
      },
      {
        "package": "SnapKit",
        "repositoryURL": "https://github.com/SnapKit/SnapKit",
        "state": {
          "branch": null,
          "revision": "d458564516e5676af9c70b4f4b2a9178294f1bc6",
          "version": "5.0.1"
        }
      },
      {
        "package": "swift-case-paths",
        "repositoryURL": "https://github.com/pointfreeco/swift-case-paths",
        "state": {
          "branch": null,
          "revision": "fc45e7b2cfece9dd80b5a45e6469ffe67fe67984",
          "version": "0.14.1"
        }
      },
      {
        "package": "swift-collections",
        "repositoryURL": "https://github.com/apple/swift-collections",
        "state": {
          "branch": null,
          "revision": "937e904258d22af6e447a0b72c0bc67583ef64a2",
          "version": "1.0.4"
        }
      },
      {
        "package": "swift-composable-architecture",
        "repositoryURL": "https://github.com/pointfreeco/swift-composable-architecture",
        "state": {
          "branch": null,
          "revision": "ba9c626ab1b2b6af8cf684eebb2ab472fa5b6753",
          "version": "0.33.1"
        }
      },
      {
        "package": "swift-custom-dump",
        "repositoryURL": "https://github.com/pointfreeco/swift-custom-dump",
        "state": {
          "branch": null,
          "revision": "84b30e1af72e0ffe6dfbfe39d53b8173caacf224",
          "version": "0.10.2"
        }
      },
      {
        "package": "swift-gen",
        "repositoryURL": "https://github.com/pointfreeco/swift-gen",
        "state": {
          "branch": null,
          "revision": "5bd20fb662e1ead7ee47df6bb0a15398295f2e06",
          "version": "0.4.0"
        }
      },
      {
        "package": "swift-identified-collections",
        "repositoryURL": "https://github.com/pointfreeco/swift-identified-collections",
        "state": {
          "branch": null,
          "revision": "f52eee28bdc6065aa2f8424067e6f04c74bda6e6",
          "version": "0.7.1"
        }
      },
      {
        "package": "Overture",
        "repositoryURL": "https://github.com/pointfreeco/swift-overture",
        "state": {
          "branch": null,
          "revision": "7977acd7597f413717058acc1e080731249a1d7e",
          "version": "0.5.0"
        }
      },
      {
        "package": "swift-tagged",
        "repositoryURL": "https://github.com/pointfreeco/swift-tagged",
        "state": {
          "branch": null,
          "revision": "3907a9438f5b57d317001dc99f3f11b46882272b",
          "version": "0.10.0"
        }
      },
      {
        "package": "xctest-dynamic-overlay",
        "repositoryURL": "https://github.com/pointfreeco/xctest-dynamic-overlay",
        "state": {
          "branch": null,
          "revision": "4af50b38daf0037cfbab15514a241224c3f62f98",
          "version": "0.8.5"
        }
      }
    ]
  },
  "version": 1
}
